// !$*UTF8*$!
{
	archiveVersion = 1;
	classes = {
	};
	objectVersion = 46;
	objects = {

/* Begin PBXBuildFile section */
		BF373E761E8020B700A614D5 /* APIClient.swift in Sources */ = {isa = PBXBuildFile; fileRef = BF373E6E1E8020B700A614D5 /* APIClient.swift */; };
		BF373E771E8020B700A614D5 /* Button.swift in Sources */ = {isa = PBXBuildFile; fileRef = BF373E6F1E8020B700A614D5 /* Button.swift */; };
		BF373E781E8020B700A614D5 /* Networking.swift in Sources */ = {isa = PBXBuildFile; fileRef = BF373E701E8020B700A614D5 /* Networking.swift */; };
		BF373E791E8020B700A614D5 /* ViewController.swift in Sources */ = {isa = PBXBuildFile; fileRef = BF373E711E8020B700A614D5 /* ViewController.swift */; };
		BF373E7A1E8020B700A614D5 /* AppDelegate.swift in Sources */ = {isa = PBXBuildFile; fileRef = BF373E721E8020B700A614D5 /* AppDelegate.swift */; };
		BF373E7B1E8020B700A614D5 /* Assets.xcassets in Resources */ = {isa = PBXBuildFile; fileRef = BF373E731E8020B700A614D5 /* Assets.xcassets */; };
		BF373E7D1E8020B700A614D5 /* Info.plist in Resources */ = {isa = PBXBuildFile; fileRef = BF373E751E8020B700A614D5 /* Info.plist */; };
		BF373E801E8021F600A614D5 /* Main.storyboard in Resources */ = {isa = PBXBuildFile; fileRef = BF373E7E1E8021F600A614D5 /* Main.storyboard */; };
		BF373E831E8021FB00A614D5 /* LaunchScreen.storyboard in Resources */ = {isa = PBXBuildFile; fileRef = BF373E811E8021FB00A614D5 /* LaunchScreen.storyboard */; };
/* End PBXBuildFile section */

/* Begin PBXFileReference section */
		BF373E6E1E8020B700A614D5 /* APIClient.swift */ = {isa = PBXFileReference; fileEncoding = 4; lastKnownFileType = sourcecode.swift; name = APIClient.swift; path = People/APIClient.swift; sourceTree = SOURCE_ROOT; };
		BF373E6F1E8020B700A614D5 /* Button.swift */ = {isa = PBXFileReference; fileEncoding = 4; lastKnownFileType = sourcecode.swift; name = Button.swift; path = People/Button.swift; sourceTree = SOURCE_ROOT; };
		BF373E701E8020B700A614D5 /* Networking.swift */ = {isa = PBXFileReference; fileEncoding = 4; lastKnownFileType = sourcecode.swift; name = Networking.swift; path = People/Networking.swift; sourceTree = SOURCE_ROOT; };
		BF373E711E8020B700A614D5 /* ViewController.swift */ = {isa = PBXFileReference; fileEncoding = 4; lastKnownFileType = sourcecode.swift; name = ViewController.swift; path = People/ViewController.swift; sourceTree = SOURCE_ROOT; };
		BF373E721E8020B700A614D5 /* AppDelegate.swift */ = {isa = PBXFileReference; fileEncoding = 4; lastKnownFileType = sourcecode.swift; name = AppDelegate.swift; path = People/AppDelegate.swift; sourceTree = SOURCE_ROOT; };
		BF373E731E8020B700A614D5 /* Assets.xcassets */ = {isa = PBXFileReference; lastKnownFileType = folder.assetcatalog; name = Assets.xcassets; path = People/Assets.xcassets; sourceTree = SOURCE_ROOT; };
		BF373E751E8020B700A614D5 /* Info.plist */ = {isa = PBXFileReference; fileEncoding = 4; lastKnownFileType = text.plist.xml; name = Info.plist; path = People/Info.plist; sourceTree = SOURCE_ROOT; };
		BF373E7F1E8021F600A614D5 /* Base */ = {isa = PBXFileReference; lastKnownFileType = file.storyboard; name = Base; path = People/Base.lproj/Main.storyboard; sourceTree = SOURCE_ROOT; };
		BF373E821E8021FB00A614D5 /* Base */ = {isa = PBXFileReference; lastKnownFileType = file.storyboard; name = Base; path = People/Base.lproj/LaunchScreen.storyboard; sourceTree = SOURCE_ROOT; };
		BF40C3241E7EF2100006A454 /* SpotifyCodeChallenge.app */ = {isa = PBXFileReference; explicitFileType = wrapper.application; includeInIndex = 0; path = SpotifyCodeChallenge.app; sourceTree = BUILT_PRODUCTS_DIR; };
/* End PBXFileReference section */

/* Begin PBXFrameworksBuildPhase section */
		BF40C3211E7EF2100006A454 /* Frameworks */ = {
			isa = PBXFrameworksBuildPhase;
			buildActionMask = 2147483647;
			files = (
			);
			runOnlyForDeploymentPostprocessing = 0;
		};
/* End PBXFrameworksBuildPhase section */

/* Begin PBXGroup section */
		BF40C31B1E7EF2100006A454 = {
			isa = PBXGroup;
			children = (
				BF40C3261E7EF2100006A454 /* People */,
				BF40C3251E7EF2100006A454 /* Products */,
			);
			sourceTree = "<group>";
		};
		BF40C3251E7EF2100006A454 /* Products */ = {
			isa = PBXGroup;
			children = (
				BF40C3241E7EF2100006A454 /* SpotifyCodeChallenge.app */,
			);
			name = Products;
			sourceTree = "<group>";
		};
		BF40C3261E7EF2100006A454 /* People */ = {
			isa = PBXGroup;
			children = (
				BF373E811E8021FB00A614D5 /* LaunchScreen.storyboard */,
				BF373E7E1E8021F600A614D5 /* Main.storyboard */,
				BF373E6E1E8020B700A614D5 /* APIClient.swift */,
				BF373E6F1E8020B700A614D5 /* Button.swift */,
				BF373E701E8020B700A614D5 /* Networking.swift */,
				BF373E711E8020B700A614D5 /* ViewController.swift */,
				BF373E721E8020B700A614D5 /* AppDelegate.swift */,
				BF373E731E8020B700A614D5 /* Assets.xcassets */,
				BF373E751E8020B700A614D5 /* Info.plist */,
			);
			name = People;
			path = SpotifyCodeChallenge;
			sourceTree = "<group>";
		};
/* End PBXGroup section */

/* Begin PBXNativeTarget section */
		BF40C3231E7EF2100006A454 /* SpotifyCodeChallenge */ = {
			isa = PBXNativeTarget;
			buildConfigurationList = BF40C3361E7EF2100006A454 /* Build configuration list for PBXNativeTarget "SpotifyCodeChallenge" */;
			buildPhases = (
				BF40C3201E7EF2100006A454 /* Sources */,
				BF40C3211E7EF2100006A454 /* Frameworks */,
				BF40C3221E7EF2100006A454 /* Resources */,
			);
			buildRules = (
			);
			dependencies = (
			);
			name = SpotifyCodeChallenge;
			productName = SpotifyCodeChallenge;
			productReference = BF40C3241E7EF2100006A454 /* SpotifyCodeChallenge.app */;
			productType = "com.apple.product-type.application";
		};
/* End PBXNativeTarget section */

/* Begin PBXProject section */
		BF40C31C1E7EF2100006A454 /* Project object */ = {
			isa = PBXProject;
			attributes = {
				LastSwiftUpdateCheck = 0820;
				LastUpgradeCheck = 0820;
				ORGANIZATIONNAME = "Zain Nadeem";
				TargetAttributes = {
					BF40C3231E7EF2100006A454 = {
						CreatedOnToolsVersion = 8.2.1;
						DevelopmentTeam = VC999G43T3;
						ProvisioningStyle = Automatic;
					};
				};
			};
			buildConfigurationList = BF40C31F1E7EF2100006A454 /* Build configuration list for PBXProject "People" */;
			compatibilityVersion = "Xcode 3.2";
			developmentRegion = English;
			hasScannedForEncodings = 0;
			knownRegions = (
				en,
				Base,
			);
			mainGroup = BF40C31B1E7EF2100006A454;
			productRefGroup = BF40C3251E7EF2100006A454 /* Products */;
			projectDirPath = "";
			projectRoot = "";
			targets = (
				BF40C3231E7EF2100006A454 /* SpotifyCodeChallenge */,
			);
		};
/* End PBXProject section */

/* Begin PBXResourcesBuildPhase section */
		BF40C3221E7EF2100006A454 /* Resources */ = {
			isa = PBXResourcesBuildPhase;
			buildActionMask = 2147483647;
			files = (
				BF373E7D1E8020B700A614D5 /* Info.plist in Resources */,
				BF373E7B1E8020B700A614D5 /* Assets.xcassets in Resources */,
				BF373E831E8021FB00A614D5 /* LaunchScreen.storyboard in Resources */,
				BF373E801E8021F600A614D5 /* Main.storyboard in Resources */,
			);
			runOnlyForDeploymentPostprocessing = 0;
		};
/* End PBXResourcesBuildPhase section */

/* Begin PBXSourcesBuildPhase section */
		BF40C3201E7EF2100006A454 /* Sources */ = {
			isa = PBXSourcesBuildPhase;
			buildActionMask = 2147483647;
			files = (
				BF373E771E8020B700A614D5 /* Button.swift in Sources */,
				BF373E791E8020B700A614D5 /* ViewController.swift in Sources */,
				BF373E781E8020B700A614D5 /* Networking.swift in Sources */,
				BF373E7A1E8020B700A614D5 /* AppDelegate.swift in Sources */,
				BF373E761E8020B700A614D5 /* APIClient.swift in Sources */,
			);
			runOnlyForDeploymentPostprocessing = 0;
		};
/* End PBXSourcesBuildPhase section */

/* Begin PBXVariantGroup section */
		BF373E7E1E8021F600A614D5 /* Main.storyboard */ = {
			isa = PBXVariantGroup;
			children = (
				BF373E7F1E8021F600A614D5 /* Base */,
			);
			name = Main.storyboard;
			sourceTree = "<group>";
		};
		BF373E811E8021FB00A614D5 /* LaunchScreen.storyboard */ = {
			isa = PBXVariantGroup;
			children = (
				BF373E821E8021FB00A614D5 /* Base */,
			);
			name = LaunchScreen.storyboard;
			sourceTree = "<group>";
		};
/* End PBXVariantGroup section */

/* Begin XCBuildConfiguration section */
		BF40C3341E7EF2100006A454 /* Debug */ = {
			isa = XCBuildConfiguration;
			buildSettings = {
				ALWAYS_SEARCH_USER_PATHS = NO;
				CLANG_ANALYZER_NONNULL = YES;
				CLANG_CXX_LANGUAGE_STANDARD = "gnu++0x";
				CLANG_CXX_LIBRARY = "libc++";
				CLANG_ENABLE_MODULES = YES;
				CLANG_ENABLE_OBJC_ARC = YES;
				CLANG_WARN_BOOL_CONVERSION = YES;
				CLANG_WARN_CONSTANT_CONVERSION = YES;
				CLANG_WARN_DIRECT_OBJC_ISA_USAGE = YES_ERROR;
				CLANG_WARN_DOCUMENTATION_COMMENTS = YES;
				CLANG_WARN_EMPTY_BODY = YES;
				CLANG_WARN_ENUM_CONVERSION = YES;
				CLANG_WARN_INFINITE_RECURSION = YES;
				CLANG_WARN_INT_CONVERSION = YES;
				CLANG_WARN_OBJC_ROOT_CLASS = YES_ERROR;
				CLANG_WARN_SUSPICIOUS_MOVE = YES;
				CLANG_WARN_UNREACHABLE_CODE = YES;
				CLANG_WARN__DUPLICATE_METHOD_MATCH = YES;
				"CODE_SIGN_IDENTITY[sdk=iphoneos*]" = "iPhone Developer";
				COPY_PHASE_STRIP = NO;
				DEBUG_INFORMATION_FORMAT = dwarf;
				ENABLE_STRICT_OBJC_MSGSEND = YES;
				ENABLE_TESTABILITY = YES;
				GCC_C_LANGUAGE_STANDARD = gnu99;
				GCC_DYNAMIC_NO_PIC = NO;
				GCC_NO_COMMON_BLOCKS = YES;
				GCC_OPTIMIZATION_LEVEL = 0;
				GCC_PREPROCESSOR_DEFINITIONS = (
					"DEBUG=1",
					"$(inherited)",
				);
				GCC_WARN_64_TO_32_BIT_CONVERSION = YES;
				GCC_WARN_ABOUT_RETURN_TYPE = YES_ERROR;
				GCC_WARN_UNDECLARED_SELECTOR = YES;
				GCC_WARN_UNINITIALIZED_AUTOS = YES_AGGRESSIVE;
				GCC_WARN_UNUSED_FUNCTION = YES;
				GCC_WARN_UNUSED_VARIABLE = YES;
				IPHONEOS_DEPLOYMENT_TARGET = 10.2;
				MTL_ENABLE_DEBUG_INFO = YES;
				ONLY_ACTIVE_ARCH = YES;
				SDKROOT = iphoneos;
				SWIFT_ACTIVE_COMPILATION_CONDITIONS = DEBUG;
				SWIFT_OPTIMIZATION_LEVEL = "-Onone";
			};
			name = Debug;
		};
		BF40C3351E7EF2100006A454 /* Release */ = {
			isa = XCBuildConfiguration;
			buildSettings = {
				ALWAYS_SEARCH_USER_PATHS = NO;
				CLANG_ANALYZER_NONNULL = YES;
				CLANG_CXX_LANGUAGE_STANDARD = "gnu++0x";
				CLANG_CXX_LIBRARY = "libc++";
				CLANG_ENABLE_MODULES = YES;
				CLANG_ENABLE_OBJC_ARC = YES;
				CLANG_WARN_BOOL_CONVERSION = YES;
				CLANG_WARN_CONSTANT_CONVERSION = YES;
				CLANG_WARN_DIRECT_OBJC_ISA_USAGE = YES_ERROR;
				CLANG_WARN_DOCUMENTATION_COMMENTS = YES;
				CLANG_WARN_EMPTY_BODY = YES;
				CLANG_WARN_ENUM_CONVERSION = YES;
				CLANG_WARN_INFINITE_RECURSION = YES;
				CLANG_WARN_INT_CONVERSION = YES;
				CLANG_WARN_OBJC_ROOT_CLASS = YES_ERROR;
				CLANG_WARN_SUSPICIOUS_MOVE = YES;
				CLANG_WARN_UNREACHABLE_CODE = YES;
				CLANG_WARN__DUPLICATE_METHOD_MATCH = YES;
				"CODE_SIGN_IDENTITY[sdk=iphoneos*]" = "iPhone Developer";
				COPY_PHASE_STRIP = NO;
				DEBUG_INFORMATION_FORMAT = "dwarf-with-dsym";
				ENABLE_NS_ASSERTIONS = NO;
				ENABLE_STRICT_OBJC_MSGSEND = YES;
				GCC_C_LANGUAGE_STANDARD = gnu99;
				GCC_NO_COMMON_BLOCKS = YES;
				GCC_WARN_64_TO_32_BIT_CONVERSION = YES;
				GCC_WARN_ABOUT_RETURN_TYPE = YES_ERROR;
				GCC_WARN_UNDECLARED_SELECTOR = YES;
				GCC_WARN_UNINITIALIZED_AUTOS = YES_AGGRESSIVE;
				GCC_WARN_UNUSED_FUNCTION = YES;
				GCC_WARN_UNUSED_VARIABLE = YES;
				IPHONEOS_DEPLOYMENT_TARGET = 10.2;
				MTL_ENABLE_DEBUG_INFO = NO;
				SDKROOT = iphoneos;
				SWIFT_OPTIMIZATION_LEVEL = "-Owholemodule";
				VALIDATE_PRODUCT = YES;
			};
			name = Release;
		};
		BF40C3371E7EF2100006A454 /* Debug */ = {
			isa = XCBuildConfiguration;
			buildSettings = {
				ASSETCATALOG_COMPILER_APPICON_NAME = AppIcon;
				DEVELOPMENT_TEAM = VC999G43T3;
				INFOPLIST_FILE = "$(SRCROOT)/People/Info.plist";
				LD_RUNPATH_SEARCH_PATHS = "$(inherited) @executable_path/Frameworks";
				PRODUCT_BUNDLE_IDENTIFIER = Zain.Developer.people.iOS;
				PRODUCT_NAME = "$(TARGET_NAME)";
				SWIFT_VERSION = 3.0;
			};
			name = Debug;
		};
		BF40C3381E7EF2100006A454 /* Release */ = {
			isa = XCBuildConfiguration;
			buildSettings = {
				ASSETCATALOG_COMPILER_APPICON_NAME = AppIcon;
				DEVELOPMENT_TEAM = VC999G43T3;
				INFOPLIST_FILE = "$(SRCROOT)/People/Info.plist";
				LD_RUNPATH_SEARCH_PATHS = "$(inherited) @executable_path/Frameworks";
				PRODUCT_BUNDLE_IDENTIFIER = Zain.Developer.people.iOS;
				PRODUCT_NAME = "$(TARGET_NAME)";
				SWIFT_VERSION = 3.0;
			};
			name = Release;
		};
/* End XCBuildConfiguration section */

/* Begin XCConfigurationList section */
		BF40C31F1E7EF2100006A454 /* Build configuration list for PBXProject "People" */ = {
			isa = XCConfigurationList;
			buildConfigurations = (
				BF40C3341E7EF2100006A454 /* Debug */,
				BF40C3351E7EF2100006A454 /* Release */,
			);
			defaultConfigurationIsVisible = 0;
			defaultConfigurationName = Release;
		};
		BF40C3361E7EF2100006A454 /* Build configuration list for PBXNativeTarget "SpotifyCodeChallenge" */ = {
			isa = XCConfigurationList;
			buildConfigurations = (
				BF40C3371E7EF2100006A454 /* Debug */,
				BF40C3381E7EF2100006A454 /* Release */,
			);
			defaultConfigurationIsVisible = 0;
			defaultConfigurationName = Release;
		};
/* End XCConfigurationList section */
	};
	rootObject = BF40C31C1E7EF2100006A454 /* Project object */;
}
